# THIS IS AN AUTOGENERATED FILE. DO NOT EDIT THIS FILE DIRECTLY.
# yarn lockfile v1


"@types/d3@^3":
  version "3.5.44"
  resolved "https://registry.yarnpkg.com/@types/d3/-/d3-3.5.44.tgz#28635f8bb9adf1cef5bbef2b06778174a9d34383"
  integrity sha512-hFEcf03YGJ2uQoDYEp3nFD5mXWxly5kf6KOstuOQFEs9sUCN7kNlKhcYkpZ3gK6PiHz4XRLkoHa80NVCJNeLBw==

"@types/plotly.js@^1.54.7":
  version "1.54.10"
  resolved "https://registry.yarnpkg.com/@types/plotly.js/-/plotly.js-1.54.10.tgz#608ecf2b348006cff9e449c6e5e32625a675909e"
  integrity sha512-38CuUoM5M1jQl5setuGl4yj59+7Cn6WYIQyeGLptJpAJre9/wZLl0EzdnImVB3l+qUBYxkbCH9FIDV/JoPzTXQ==
  dependencies:
    "@types/d3" "^3"

nodeplotlib@^0.7.3:
  version "0.7.3"
  resolved "https://registry.yarnpkg.com/nodeplotlib/-/nodeplotlib-0.7.3.tgz#dc278846e48c10aa9b79ee5fd954e370113ac887"
  integrity sha512-ysMfRzNlFXGz2wG4AbZ+quSGx4JkNaggY0X4ILyWIqntHnDMa7cgN0KfT8Q0uUFIXjoLVZsnfTTZ2hLqsZm/7A==
  dependencies:
    "@types/plotly.js" "^1.54.7"
