# THIS IS AN AUTOGENERATED FILE. DO NOT EDIT THIS FILE DIRECTLY.
# yarn lockfile v1


"@types/d3@^3":
  version "3.5.44"
  resolved "https://registry.yarnpkg.com/@types/d3/-/d3-3.5.44.tgz#28635f8bb9adf1cef5bbef2b06778174a9d34383"
  integrity sha512-hFEcf03YGJ2uQoDYEp3nFD5mXWxly5kf6KOstuOQFEs9sUCN7kNlKhcYkpZ3gK6PiHz4XRLkoHa80NVCJNeLBw==

"@types/plotly.js@^1.54.7":
  version "1.54.8"
  resolved "https://registry.yarnpkg.com/@types/plotly.js/-/plotly.js-1.54.8.tgz#58ce6786dd16fe569801dbd3d129985543c999e5"
  integrity sha512-GMZZDSIw0wFQsGC3E2jKAIXOkP6FI5HF0hgKIBxF5V7Paa4HqtVoE6FxTaEItQaWN5A52JL7j5IKpMh1AW8RRA==
  dependencies:
    "@types/d3" "^3"

nodeplotlib@^0.7.3:
  version "0.7.3"
  resolved "https://registry.yarnpkg.com/nodeplotlib/-/nodeplotlib-0.7.3.tgz#dc278846e48c10aa9b79ee5fd954e370113ac887"
  integrity sha512-ysMfRzNlFXGz2wG4AbZ+quSGx4JkNaggY0X4ILyWIqntHnDMa7cgN0KfT8Q0uUFIXjoLVZsnfTTZ2hLqsZm/7A==
  dependencies:
    "@types/plotly.js" "^1.54.7"
