{
  "name": "lab6",
  "version": "1.0.0",
  "lockfileVersion": 1,
  "requires": true,
  "dependencies": {
    "@types/d3": {
      "version": "3.5.44",
      "resolved": "https://registry.npmjs.org/@types/d3/-/d3-3.5.44.tgz",
      "integrity": "sha512-hFEcf03YGJ2uQoDYEp3nFD5mXWxly5kf6KOstuOQFEs9sUCN7kNlKhcYkpZ3gK6PiHz4XRLkoHa80NVCJNeLBw=="
    },
    "@types/plotly.js": {
      "version": "1.54.10",
      "resolved": "https://registry.npmjs.org/@types/plotly.js/-/plotly.js-1.54.10.tgz",
      "integrity": "sha512-38CuUoM5M1jQl5setuGl4yj59+7Cn6WYIQyeGLptJpAJre9/wZLl0EzdnImVB3l+qUBYxkbCH9FIDV/JoPzTXQ==",
      "requires": {
        "@types/d3": "^3"
      }
    },
    "nodeplotlib": {
      "version": "0.7.3",
      "resolved": "https://registry.npmjs.org/nodeplotlib/-/nodeplotlib-0.7.3.tgz",
      "integrity": "sha512-ysMfRzNlFXGz2wG4AbZ+quSGx4JkNaggY0X4ILyWIqntHnDMa7cgN0KfT8Q0uUFIXjoLVZsnfTTZ2hLqsZm/7A==",
      "requires": {
        "@types/plotly.js": "^1.54.7"
      }
    }
  }
}
